// !$*UTF8*$!
{
	archiveVersion = 1;
	classes = {
	};
	objectVersion = 46;
	objects = {

/* Begin PBXBuildFile section */
		AD8868AD1B90EC7B00924AA9 /* main.m in Sources */ = {isa = PBXBuildFile; fileRef = AD8868AC1B90EC7B00924AA9 /* main.m */; };
		AD8868B01B90EC7B00924AA9 /* AppDelegate.m in Sources */ = {isa = PBXBuildFile; fileRef = AD8868AF1B90EC7B00924AA9 /* AppDelegate.m */; };
		AD8868B31B90EC7B00924AA9 /* MasterViewController.m in Sources */ = {isa = PBXBuildFile; fileRef = AD8868B21B90EC7B00924AA9 /* MasterViewController.m */; };
		AD8868B61B90EC7B00924AA9 /* DetailViewController.m in Sources */ = {isa = PBXBuildFile; fileRef = AD8868B51B90EC7B00924AA9 /* DetailViewController.m */; };
		AD8868B91B90EC7B00924AA9 /* Main.storyboard in Resources */ = {isa = PBXBuildFile; fileRef = AD8868B71B90EC7B00924AA9 /* Main.storyboard */; };
		AD8868BB1B90EC7B00924AA9 /* Assets.xcassets in Resources */ = {isa = PBXBuildFile; fileRef = AD8868BA1B90EC7B00924AA9 /* Assets.xcassets */; };
		AD8868BE1B90EC7B00924AA9 /* LaunchScreen.storyboard in Resources */ = {isa = PBXBuildFile; fileRef = AD8868BC1B90EC7B00924AA9 /* LaunchScreen.storyboard */; };
/* End PBXBuildFile section */

/* Begin PBXFileReference section */
		AD8868A81B90EC7B00924AA9 /* JSONTutorial.app */ = {isa = PBXFileReference; explicitFileType = wrapper.application; includeInIndex = 0; path = JSONTutorial.app; sourceTree = BUILT_PRODUCTS_DIR; };
		AD8868AC1B90EC7B00924AA9 /* main.m */ = {isa = PBXFileReference; lastKnownFileType = sourcecode.c.objc; path = main.m; sourceTree = "<group>"; };
		AD8868AE1B90EC7B00924AA9 /* AppDelegate.h */ = {isa = PBXFileReference; lastKnownFileType = sourcecode.c.h; path = AppDelegate.h; sourceTree = "<group>"; };
		AD8868AF1B90EC7B00924AA9 /* AppDelegate.m */ = {isa = PBXFileReference; lastKnownFileType = sourcecode.c.objc; path = AppDelegate.m; sourceTree = "<group>"; };
		AD8868B11B90EC7B00924AA9 /* MasterViewController.h */ = {isa = PBXFileReference; lastKnownFileType = sourcecode.c.h; path = MasterViewController.h; sourceTree = "<group>"; };
		AD8868B21B90EC7B00924AA9 /* MasterViewController.m */ = {isa = PBXFileReference; lastKnownFileType = sourcecode.c.objc; path = MasterViewController.m; sourceTree = "<group>"; };
		AD8868B41B90EC7B00924AA9 /* DetailViewController.h */ = {isa = PBXFileReference; lastKnownFileType = sourcecode.c.h; path = DetailViewController.h; sourceTree = "<group>"; };
		AD8868B51B90EC7B00924AA9 /* DetailViewController.m */ = {isa = PBXFileReference; lastKnownFileType = sourcecode.c.objc; path = DetailViewController.m; sourceTree = "<group>"; };
		AD8868B81B90EC7B00924AA9 /* Base */ = {isa = PBXFileReference; lastKnownFileType = file.storyboard; name = Base; path = Base.lproj/Main.storyboard; sourceTree = "<group>"; };
		AD8868BA1B90EC7B00924AA9 /* Assets.xcassets */ = {isa = PBXFileReference; lastKnownFileType = folder.assetcatalog; path = Assets.xcassets; sourceTree = "<group>"; };
		AD8868BD1B90EC7B00924AA9 /* Base */ = {isa = PBXFileReference; lastKnownFileType = file.storyboard; name = Base; path = Base.lproj/LaunchScreen.storyboard; sourceTree = "<group>"; };
		AD8868BF1B90EC7B00924AA9 /* Info.plist */ = {isa = PBXFileReference; lastKnownFileType = text.plist.xml; path = Info.plist; sourceTree = "<group>"; };
/* End PBXFileReference section */

/* Begin PBXFrameworksBuildPhase section */
		AD8868A51B90EC7B00924AA9 /* Frameworks */ = {
			isa = PBXFrameworksBuildPhase;
			buildActionMask = 2147483647;
			files = (
			);
			runOnlyForDeploymentPostprocessing = 0;
		};
/* End PBXFrameworksBuildPhase section */

/* Begin PBXGroup section */
		AD88689F1B90EC7B00924AA9 = {
			isa = PBXGroup;
			children = (
				AD8868AA1B90EC7B00924AA9 /* JSONTutorial */,
				AD8868A91B90EC7B00924AA9 /* Products */,
			);
			sourceTree = "<group>";
		};
		AD8868A91B90EC7B00924AA9 /* Products */ = {
			isa = PBXGroup;
			children = (
				AD8868A81B90EC7B00924AA9 /* JSONTutorial.app */,
			);
			name = Products;
			sourceTree = "<group>";
		};
		AD8868AA1B90EC7B00924AA9 /* JSONTutorial */ = {
			isa = PBXGroup;
			children = (
				AD8868AE1B90EC7B00924AA9 /* AppDelegate.h */,
				AD8868AF1B90EC7B00924AA9 /* AppDelegate.m */,
				AD8868B11B90EC7B00924AA9 /* MasterViewController.h */,
				AD8868B21B90EC7B00924AA9 /* MasterViewController.m */,
				AD8868B41B90EC7B00924AA9 /* DetailViewController.h */,
				AD8868B51B90EC7B00924AA9 /* DetailViewController.m */,
				AD8868B71B90EC7B00924AA9 /* Main.storyboard */,
				AD8868BA1B90EC7B00924AA9 /* Assets.xcassets */,
				AD8868BC1B90EC7B00924AA9 /* LaunchScreen.storyboard */,
				AD8868BF1B90EC7B00924AA9 /* Info.plist */,
				AD8868AB1B90EC7B00924AA9 /* Supporting Files */,
			);
			path = JSONTutorial;
			sourceTree = "<group>";
		};
		AD8868AB1B90EC7B00924AA9 /* Supporting Files */ = {
			isa = PBXGroup;
			children = (
				AD8868AC1B90EC7B00924AA9 /* main.m */,
			);
			name = "Supporting Files";
			sourceTree = "<group>";
		};
/* End PBXGroup section */

/* Begin PBXNativeTarget section */
		AD8868A71B90EC7B00924AA9 /* JSONTutorial */ = {
			isa = PBXNativeTarget;
			buildConfigurationList = AD8868C21B90EC7B00924AA9 /* Build configuration list for PBXNativeTarget "JSONTutorial" */;
			buildPhases = (
				AD8868A41B90EC7B00924AA9 /* Sources */,
				AD8868A51B90EC7B00924AA9 /* Frameworks */,
				AD8868A61B90EC7B00924AA9 /* Resources */,
			);
			buildRules = (
			);
			dependencies = (
			);
			name = JSONTutorial;
			productName = JSONTutorial;
			productReference = AD8868A81B90EC7B00924AA9 /* JSONTutorial.app */;
			productType = "com.apple.product-type.application";
		};
/* End PBXNativeTarget section */

/* Begin PBXProject section */
		AD8868A01B90EC7B00924AA9 /* Project object */ = {
			isa = PBXProject;
			attributes = {
				LastUpgradeCheck = 0700;
				ORGANIZATIONNAME = BaraLabs;
				TargetAttributes = {
					AD8868A71B90EC7B00924AA9 = {
						CreatedOnToolsVersion = 7.0;
					};
				};
			};
			buildConfigurationList = AD8868A31B90EC7B00924AA9 /* Build configuration list for PBXProject "JSONTutorial" */;
			compatibilityVersion = "Xcode 3.2";
			developmentRegion = English;
			hasScannedForEncodings = 0;
			knownRegions = (
				en,
				Base,
			);
			mainGroup = AD88689F1B90EC7B00924AA9;
			productRefGroup = AD8868A91B90EC7B00924AA9 /* Products */;
			projectDirPath = "";
			projectRoot = "";
			targets = (
				AD8868A71B90EC7B00924AA9 /* JSONTutorial */,
			);
		};
/* End PBXProject section */

/* Begin PBXResourcesBuildPhase section */
		AD8868A61B90EC7B00924AA9 /* Resources */ = {
			isa = PBXResourcesBuildPhase;
			buildActionMask = 2147483647;
			files = (
				AD8868BE1B90EC7B00924AA9 /* LaunchScreen.storyboard in Resources */,
				AD8868BB1B90EC7B00924AA9 /* Assets.xcassets in Resources */,
				AD8868B91B90EC7B00924AA9 /* Main.storyboard in Resources */,
			);
			runOnlyForDeploymentPostprocessing = 0;
		};
/* End PBXResourcesBuildPhase section */

/* Begin PBXSourcesBuildPhase section */
		AD8868A41B90EC7B00924AA9 /* Sources */ = {
			isa = PBXSourcesBuildPhase;
			buildActionMask = 2147483647;
			files = (
				AD8868B01B90EC7B00924AA9 /* AppDelegate.m in Sources */,
				AD8868B31B90EC7B00924AA9 /* MasterViewController.m in Sources */,
				AD8868AD1B90EC7B00924AA9 /* main.m in Sources */,
				AD8868B61B90EC7B00924AA9 /* DetailViewController.m in Sources */,
			);
			runOnlyForDeploymentPostprocessing = 0;
		};
/* End PBXSourcesBuildPhase section */

/* Begin PBXVariantGroup section */
		AD8868B71B90EC7B00924AA9 /* Main.storyboard */ = {
			isa = PBXVariantGroup;
			children = (
				AD8868B81B90EC7B00924AA9 /* Base */,
			);
			name = Main.storyboard;
			sourceTree = "<group>";
		};
		AD8868BC1B90EC7B00924AA9 /* LaunchScreen.storyboard */ = {
			isa = PBXVariantGroup;
			children = (
				AD8868BD1B90EC7B00924AA9 /* Base */,
			);
			name = LaunchScreen.storyboard;
			sourceTree = "<group>";
		};
/* End PBXVariantGroup section */

/* Begin XCBuildConfiguration section */
		AD8868C01B90EC7B00924AA9 /* Debug */ = {
			isa = XCBuildConfiguration;
			buildSettings = {
				ALWAYS_SEARCH_USER_PATHS = NO;
				CLANG_CXX_LANGUAGE_STANDARD = "gnu++0x";
				CLANG_CXX_LIBRARY = "libc++";
				CLANG_ENABLE_MODULES = YES;
				CLANG_ENABLE_OBJC_ARC = YES;
				CLANG_WARN_BOOL_CONVERSION = YES;
				CLANG_WARN_CONSTANT_CONVERSION = YES;
				CLANG_WARN_DIRECT_OBJC_ISA_USAGE = YES_ERROR;
				CLANG_WARN_EMPTY_BODY = YES;
				CLANG_WARN_ENUM_CONVERSION = YES;
				CLANG_WARN_INT_CONVERSION = YES;
				CLANG_WARN_OBJC_ROOT_CLASS = YES_ERROR;
				CLANG_WARN_UNREACHABLE_CODE = YES;
				CLANG_WARN__DUPLICATE_METHOD_MATCH = YES;
				"CODE_SIGN_IDENTITY[sdk=iphoneos*]" = "iPhone Developer";
				COPY_PHASE_STRIP = NO;
				DEBUG_INFORMATION_FORMAT = dwarf;
				ENABLE_STRICT_OBJC_MSGSEND = YES;
				ENABLE_TESTABILITY = YES;
				GCC_C_LANGUAGE_STANDARD = gnu99;
				GCC_DYNAMIC_NO_PIC = NO;
				GCC_NO_COMMON_BLOCKS = YES;
				GCC_OPTIMIZATION_LEVEL = 0;
				GCC_PREPROCESSOR_DEFINITIONS = (
					"DEBUG=1",
					"$(inherited)",
				);
				GCC_WARN_64_TO_32_BIT_CONVERSION = YES;
				GCC_WARN_ABOUT_RETURN_TYPE = YES_ERROR;
				GCC_WARN_UNDECLARED_SELECTOR = YES;
				GCC_WARN_UNINITIALIZED_AUTOS = YES_AGGRESSIVE;
				GCC_WARN_UNUSED_FUNCTION = YES;
				GCC_WARN_UNUSED_VARIABLE = YES;
				IPHONEOS_DEPLOYMENT_TARGET = 9.0;
				MTL_ENABLE_DEBUG_INFO = YES;
				ONLY_ACTIVE_ARCH = YES;
				SDKROOT = iphoneos;
			};
			name = Debug;
		};
		AD8868C11B90EC7B00924AA9 /* Release */ = {
			isa = XCBuildConfiguration;
			buildSettings = {
				ALWAYS_SEARCH_USER_PATHS = NO;
				CLANG_CXX_LANGUAGE_STANDARD = "gnu++0x";
				CLANG_CXX_LIBRARY = "libc++";
				CLANG_ENABLE_MODULES = YES;
				CLANG_ENABLE_OBJC_ARC = YES;
				CLANG_WARN_BOOL_CONVERSION = YES;
				CLANG_WARN_CONSTANT_CONVERSION = YES;
				CLANG_WARN_DIRECT_OBJC_ISA_USAGE = YES_ERROR;
				CLANG_WARN_EMPTY_BODY = YES;
				CLANG_WARN_ENUM_CONVERSION = YES;
				CLANG_WARN_INT_CONVERSION = YES;
				CLANG_WARN_OBJC_ROOT_CLASS = YES_ERROR;
				CLANG_WARN_UNREACHABLE_CODE = YES;
				CLANG_WARN__DUPLICATE_METHOD_MATCH = YES;
				"CODE_SIGN_IDENTITY[sdk=iphoneos*]" = "iPhone Developer";
				COPY_PHASE_STRIP = NO;
				DEBUG_INFORMATION_FORMAT = "dwarf-with-dsym";
				ENABLE_NS_ASSERTIONS = NO;
				ENABLE_STRICT_OBJC_MSGSEND = YES;
				GCC_C_LANGUAGE_STANDARD = gnu99;
				GCC_NO_COMMON_BLOCKS = YES;
				GCC_WARN_64_TO_32_BIT_CONVERSION = YES;
				GCC_WARN_ABOUT_RETURN_TYPE = YES_ERROR;
				GCC_WARN_UNDECLARED_SELECTOR = YES;
				GCC_WARN_UNINITIALIZED_AUTOS = YES_AGGRESSIVE;
				GCC_WARN_UNUSED_FUNCTION = YES;
				GCC_WARN_UNUSED_VARIABLE = YES;
				IPHONEOS_DEPLOYMENT_TARGET = 9.0;
				MTL_ENABLE_DEBUG_INFO = NO;
				SDKROOT = iphoneos;
				VALIDATE_PRODUCT = YES;
			};
			name = Release;
		};
		AD8868C31B90EC7B00924AA9 /* Debug */ = {
			isa = XCBuildConfiguration;
			buildSettings = {
				ASSETCATALOG_COMPILER_APPICON_NAME = AppIcon;
				INFOPLIST_FILE = JSONTutorial/Info.plist;
				LD_RUNPATH_SEARCH_PATHS = "$(inherited) @executable_path/Frameworks";
				PRODUCT_BUNDLE_IDENTIFIER = com.baralabs.JSONTutorial;
				PRODUCT_NAME = "$(TARGET_NAME)";
			};
			name = Debug;
		};
		AD8868C41B90EC7B00924AA9 /* Release */ = {
			isa = XCBuildConfiguration;
			buildSettings = {
				ASSETCATALOG_COMPILER_APPICON_NAME = AppIcon;
				INFOPLIST_FILE = JSONTutorial/Info.plist;
				LD_RUNPATH_SEARCH_PATHS = "$(inherited) @executable_path/Frameworks";
				PRODUCT_BUNDLE_IDENTIFIER = com.baralabs.JSONTutorial;
				PRODUCT_NAME = "$(TARGET_NAME)";
			};
			name = Release;
		};
/* End XCBuildConfiguration section */

/* Begin XCConfigurationList section */
		AD8868A31B90EC7B00924AA9 /* Build configuration list for PBXProject "JSONTutorial" */ = {
			isa = XCConfigurationList;
			buildConfigurations = (
				AD8868C01B90EC7B00924AA9 /* Debug */,
				AD8868C11B90EC7B00924AA9 /* Release */,
			);
			defaultConfigurationIsVisible = 0;
			defaultConfigurationName = Release;
		};
		AD8868C21B90EC7B00924AA9 /* Build configuration list for PBXNativeTarget "JSONTutorial" */ = {
			isa = XCConfigurationList;
			buildConfigurations = (
				AD8868C31B90EC7B00924AA9 /* Debug */,
				AD8868C41B90EC7B00924AA9 /* Release */,
			);
			defaultConfigurationIsVisible = 0;
		};
/* End XCConfigurationList section */
	};
	rootObject = AD8868A01B90EC7B00924AA9 /* Project object */;
}
